
Microsoft Visual Studio Solution File, Format Version 12.00
# Visual Studio Version 16
VisualStudioVersion = 16.0.31729.503
MinimumVisualStudioVersion = 10.0.40219.1
Project("{FAE04EC0-301F-11D3-BF4B-00C04F79EFBC}") = "Framework", "Framework\Framework.csproj", "{B910888E-C27D-4A04-8F36-2F8385CDD334}"
EndProject
Global
	GlobalSection(SolutionConfigurationPlatforms) = preSolution
		Debug|Any CPU = Debug|Any CPU
		Release|Any CPU = Release|Any CPU
	EndGlobalSection
	GlobalSection(ProjectConfigurationPlatforms) = postSolution
		{B910888E-C27D-4A04-8F36-2F8385CDD334}.Debug|Any CPU.ActiveCfg = Debug|Any CPU
		{B910888E-C27D-4A04-8F36-2F8385CDD334}.Debug|Any CPU.Build.0 = Debug|Any CPU
		{B910888E-C27D-4A04-8F36-2F8385CDD334}.Release|Any CPU.ActiveCfg = Release|Any CPU
		{B910888E-C27D-4A04-8F36-2F8385CDD334}.Release|Any CPU.Build.0 = Release|Any CPU
	EndGlobalSection
	GlobalSection(SolutionProperties) = preSolution
		HideSolutionNode = FALSE
	EndGlobalSection
	GlobalSection(ExtensibilityGlobals) = postSolution
		SolutionGuid = {21FCB53C-5113-423F-A26F-E8D1902D62F7}
	EndGlobalSection
EndGlobal
